
Microsoft Visual Studio Solution File, Format Version 12.00
# Visual Studio Version 16
VisualStudioVersion = 16.0.31005.135
MinimumVisualStudioVersion = 10.0.40219.1
Project("{FAE04EC0-301F-11D3-BF4B-00C04F79EFBC}") = "GameProject", "GameProject\GameProject.csproj", "{A851BAF8-2621-4994-91B1-07E4FE5B60BA}"
EndProject
Global
	GlobalSection(SolutionConfigurationPlatforms) = preSolution
		Debug|Any CPU = Debug|Any CPU
		Release|Any CPU = Release|Any CPU
	EndGlobalSection
	GlobalSection(ProjectConfigurationPlatforms) = postSolution
		{A851BAF8-2621-4994-91B1-07E4FE5B60BA}.Debug|Any CPU.ActiveCfg = Debug|Any CPU
		{A851BAF8-2621-4994-91B1-07E4FE5B60BA}.Debug|Any CPU.Build.0 = Debug|Any CPU
		{A851BAF8-2621-4994-91B1-07E4FE5B60BA}.Release|Any CPU.ActiveCfg = Release|Any CPU
		{A851BAF8-2621-4994-91B1-07E4FE5B60BA}.Release|Any CPU.Build.0 = Release|Any CPU
	EndGlobalSection
	GlobalSection(SolutionProperties) = preSolution
		HideSolutionNode = FALSE
	EndGlobalSection
	GlobalSection(ExtensibilityGlobals) = postSolution
		SolutionGuid = {EDA58D16-64F9-451D-AC80-46B4268AC19B}
	EndGlobalSection
EndGlobal
